// !$*UTF8*$!
{
	archiveVersion = 1;
	classes = {
	};
	objectVersion = 46;
	objects = {
/* Begin PBXBuildFile section */
		1D3623260D0F684500981E51 /* AppDelegate.m in Sources */ = {isa = PBXBuildFile; fileRef = 1D3623250D0F684500981E51 /* AppDelegate.m */; };
		1D60589B0D05DD56006BFB54 /* main.m in Sources */ = {isa = PBXBuildFile; fileRef = 29B97316FDCFA39411CA2CEA /* main.m */; };
		288765FD0DF74451002DB57D /* CoreGraphics.framework in Frameworks */ = {isa = PBXBuildFile; fileRef = 288765FC0DF74451002DB57D /* CoreGraphics.framework */; };
		301BF552109A68D80062928A /* libCordova.a in Frameworks */ = {isa = PBXBuildFile; fileRef = 301BF535109A57CC0062928A /* libCordova.a */; };
		302D95F114D2391D003F00A1 /* MainViewController.m in Sources */ = {isa = PBXBuildFile; fileRef = 302D95EF14D2391D003F00A1 /* MainViewController.m */; };
		302D95F214D2391D003F00A1 /* MainViewController.xib in Resources */ = {isa = PBXBuildFile; fileRef = 302D95F014D2391D003F00A1 /* MainViewController.xib */; };
		305D5FD1115AB8F900A74A75 /* MobileCoreServices.framework in Frameworks */ = {isa = PBXBuildFile; fileRef = 305D5FD0115AB8F900A74A75 /* MobileCoreServices.framework */; };
		3088BBBD154F3926009F9C59 /* Default-Landscape@2x~ipad.png in Resources */ = {isa = PBXBuildFile; fileRef = 3088BBB7154F3926009F9C59 /* Default-Landscape@2x~ipad.png */; };
		3088BBBE154F3926009F9C59 /* Default-Landscape~ipad.png in Resources */ = {isa = PBXBuildFile; fileRef = 3088BBB8154F3926009F9C59 /* Default-Landscape~ipad.png */; };
		3088BBBF154F3926009F9C59 /* Default-Portrait@2x~ipad.png in Resources */ = {isa = PBXBuildFile; fileRef = 3088BBB9154F3926009F9C59 /* Default-Portrait@2x~ipad.png */; };
		3088BBC0154F3926009F9C59 /* Default-Portrait~ipad.png in Resources */ = {isa = PBXBuildFile; fileRef = 3088BBBA154F3926009F9C59 /* Default-Portrait~ipad.png */; };
		3088BBC1154F3926009F9C59 /* Default@2x~iphone.png in Resources */ = {isa = PBXBuildFile; fileRef = 3088BBBB154F3926009F9C59 /* Default@2x~iphone.png */; };
		3088BBC2154F3926009F9C59 /* Default~iphone.png in Resources */ = {isa = PBXBuildFile; fileRef = 3088BBBC154F3926009F9C59 /* Default~iphone.png */; };
		308D05371370CCF300D202BF /* icon-72.png in Resources */ = {isa = PBXBuildFile; fileRef = 308D052E1370CCF300D202BF /* icon-72.png */; };
		308D05381370CCF300D202BF /* icon.png in Resources */ = {isa = PBXBuildFile; fileRef = 308D052F1370CCF300D202BF /* icon.png */; };
		308D05391370CCF300D202BF /* icon@2x.png in Resources */ = {isa = PBXBuildFile; fileRef = 308D05301370CCF300D202BF /* icon@2x.png */; };
		30B4F30019D5E07200D9F7D8 /* Default-667h.png in Resources */ = {isa = PBXBuildFile; fileRef = 30B4F2FD19D5E07200D9F7D8 /* Default-667h.png */; };
		30B4F30119D5E07200D9F7D8 /* Default-736h.png in Resources */ = {isa = PBXBuildFile; fileRef = 30B4F2FE19D5E07200D9F7D8 /* Default-736h.png */; };
		30B4F30219D5E07200D9F7D8 /* Default-Landscape-736h.png in Resources */ = {isa = PBXBuildFile; fileRef = 30B4F2FF19D5E07200D9F7D8 /* Default-Landscape-736h.png */; };
		30C1856619D5FC0A00212699 /* icon-60@3x.png in Resources */ = {isa = PBXBuildFile; fileRef = 30C1856519D5FC0A00212699 /* icon-60@3x.png */; };
		30FC414916E50CA1004E6F35 /* icon-72@2x.png in Resources */ = {isa = PBXBuildFile; fileRef = 30FC414816E50CA1004E6F35 /* icon-72@2x.png */; };
		5B1594DD16A7569C00FEF299 /* AssetsLibrary.framework in Frameworks */ = {isa = PBXBuildFile; fileRef = 5B1594DC16A7569C00FEF299 /* AssetsLibrary.framework */; };
		7E7966DE1810823500FA85AD /* icon-40.png in Resources */ = {isa = PBXBuildFile; fileRef = 7E7966D41810823500FA85AD /* icon-40.png */; };
		7E7966DF1810823500FA85AD /* icon-40@2x.png in Resources */ = {isa = PBXBuildFile; fileRef = 7E7966D51810823500FA85AD /* icon-40@2x.png */; };
		7E7966E01810823500FA85AD /* icon-50.png in Resources */ = {isa = PBXBuildFile; fileRef = 7E7966D61810823500FA85AD /* icon-50.png */; };
		7E7966E11810823500FA85AD /* icon-50@2x.png in Resources */ = {isa = PBXBuildFile; fileRef = 7E7966D71810823500FA85AD /* icon-50@2x.png */; };
		7E7966E21810823500FA85AD /* icon-60.png in Resources */ = {isa = PBXBuildFile; fileRef = 7E7966D81810823500FA85AD /* icon-60.png */; };
		7E7966E31810823500FA85AD /* icon-60@2x.png in Resources */ = {isa = PBXBuildFile; fileRef = 7E7966D91810823500FA85AD /* icon-60@2x.png */; };
		7E7966E41810823500FA85AD /* icon-76.png in Resources */ = {isa = PBXBuildFile; fileRef = 7E7966DA1810823500FA85AD /* icon-76.png */; };
		7E7966E51810823500FA85AD /* icon-76@2x.png in Resources */ = {isa = PBXBuildFile; fileRef = 7E7966DB1810823500FA85AD /* icon-76@2x.png */; };
		7E7966E61810823500FA85AD /* icon-small.png in Resources */ = {isa = PBXBuildFile; fileRef = 7E7966DC1810823500FA85AD /* icon-small.png */; };
		7E7966E71810823500FA85AD /* icon-small@2x.png in Resources */ = {isa = PBXBuildFile; fileRef = 7E7966DD1810823500FA85AD /* icon-small@2x.png */; };
		D4A0D8761607E02300AEF8BB /* Default-568h@2x~iphone.png in Resources */ = {isa = PBXBuildFile; fileRef = D4A0D8751607E02300AEF8BB /* Default-568h@2x~iphone.png */; };
		F9EA4E9F7E234BEFBC6C9B64 /* CDVDevice.m in Sources */ = {isa = PBXBuildFile; fileRef = 79769CDB34F54AF68DEAB047 /* CDVDevice.m */; };
		99D6645388DE4606A5489213 /* UIImage+CropScaleOrientation.m in Sources */ = {isa = PBXBuildFile; fileRef = C1F4C6E63293469DA6CE115C /* UIImage+CropScaleOrientation.m */; };
		AD69D5A7DB9A4D40BBD281B0 /* CDVCamera.m in Sources */ = {isa = PBXBuildFile; fileRef = 4E306D3ECAAE4774A47EAE60 /* CDVCamera.m */; };
		D3910F4951E74D6E9341697F /* CDVJpegHeaderWriter.m in Sources */ = {isa = PBXBuildFile; fileRef = C2C5A8E07D764EA5AB1F6AFD /* CDVJpegHeaderWriter.m */; };
		545C7E216ACB40C08FF5FA1D /* ImageIO.framework in Frameworks */ = {isa = PBXBuildFile; fileRef = 3915F6926D6D4146858564B2 /* ImageIO.framework */; settings = {ATTRIBUTES = (Weak, ); }; };
		C045413E5A464507833664B4 /* CoreLocation.framework in Frameworks */ = {isa = PBXBuildFile; fileRef = DDE3965FF1C345A0814D27EE /* CoreLocation.framework */; };
		64DB79B4688E41C782D74467 /* AVFoundation.framework in Frameworks */ = {isa = PBXBuildFile; fileRef = 54A1C697F2504C4E97DC80BC /* AVFoundation.framework */; };
		A67E8F55D64F4E96B7CA11ED /* CDVBarcodeScanner.mm in Resources */ = {isa = PBXBuildFile; fileRef = E204BC6B79C840EBA7C7A511 /* CDVBarcodeScanner.mm */; settings = {COMPILER_FLAGS = "-fno-objc-arc"; }; };
		8A90B283B8BE49D6B12F4272 /* zxing-all-in-one.cpp in Resources */ = {isa = PBXBuildFile; fileRef = B9864D201AF941E3AB1D8221 /* zxing-all-in-one.cpp */; };
		7BB3074A28F546F8B5F682C8 /* scannerOverlay.xib in Resources */ = {isa = PBXBuildFile; fileRef = BB26E62BD51E4788A96D8C8E /* scannerOverlay.xib */; };
		E5CF462E063C4B6795ABED73 /* CDVBarcodeScanner.bundle in Resources */ = {isa = PBXBuildFile; fileRef = 85DBDF7932BB4EED86FFD95E /* CDVBarcodeScanner.bundle */; };
		F0E7DC02D7F8440C98B24872 /* libiconv.dylib in Frameworks */ = {isa = PBXBuildFile; fileRef = 6014753A5CB34FA683A16DC0 /* libiconv.dylib */; };
		5D6C03A7B54045C890DA6DC1 /* CoreVideo.framework in Frameworks */ = {isa = PBXBuildFile; fileRef = E700F4727A9B4B91AB994681 /* CoreVideo.framework */; };
		8268300D25C1439B84292C3F /* QuartzCore.framework in Frameworks */ = {isa = PBXBuildFile; fileRef = A24B7E79D4DD4D90906B98EF /* QuartzCore.framework */; };
		9D5D8A43871F424CB007B7E9 /* CoreImage.framework in Frameworks */ = {isa = PBXBuildFile; fileRef = AB012D8F7BAB4FAB8930EADD /* CoreImage.framework */; };
		A414B73072404515BCB3B273 /* AudioToolbox.framework in Frameworks */ = {isa = PBXBuildFile; fileRef = 91B61A89BBD545D3A8AA3063 /* AudioToolbox.framework */; };
		904E0FAE3AF641A8BD315F0E /* CDVFile.m in Sources */ = {isa = PBXBuildFile; fileRef = D3D143F4ADE04FB49EB6EE6B /* CDVFile.m */; };
		D3596DA4FA3D4AF7B9C2E374 /* CDVLocalFilesystem.m in Sources */ = {isa = PBXBuildFile; fileRef = 0FBA4D467B5340CF8CE4790B /* CDVLocalFilesystem.m */; };
		229AE6FBF8FC4A179B328C4A /* CDVAssetLibraryFilesystem.m in Sources */ = {isa = PBXBuildFile; fileRef = 583CE59B98B3422F90D800E7 /* CDVAssetLibraryFilesystem.m */; };
		E5E8A86A615242EEB809A2C1 /* CDVFileTransfer.m in Sources */ = {isa = PBXBuildFile; fileRef = E0E2383610A345B7BB561E2E /* CDVFileTransfer.m */; };
		E0D53B2FD543485683CCA785 /* SOSPicker.m in Sources */ = {isa = PBXBuildFile; fileRef = 26BF2E85910D474AAD7CB341 /* SOSPicker.m */; };
		172F06F74B924C9F81BDBF3B /* ELCAlbumPickerController.m in Sources */ = {isa = PBXBuildFile; fileRef = 95BEDDAFB5EC4024818C55FA /* ELCAlbumPickerController.m */; };
		F904E5CB995C486193010465 /* ELCAsset.m in Sources */ = {isa = PBXBuildFile; fileRef = 7F6D811A4EC142EAA1E4FE83 /* ELCAsset.m */; };
		CFCA6D357C214125969FD071 /* ELCAssetCell.m in Sources */ = {isa = PBXBuildFile; fileRef = 3A3D42B1DA1941EE9259C49F /* ELCAssetCell.m */; };
		30F3060292914E5988A4ADA3 /* ELCAssetTablePicker.m in Sources */ = {isa = PBXBuildFile; fileRef = 2C4532E51BA646F1B2556874 /* ELCAssetTablePicker.m */; };
		418075163B9942109C480576 /* ELCImagePickerController.m in Sources */ = {isa = PBXBuildFile; fileRef = 23C4B396769546209480120F /* ELCImagePickerController.m */; };
		92E1693A67584B98B0CF059E /* ELCAlbumPickerController.xib in Resources */ = {isa = PBXBuildFile; fileRef = 2A6689A4C37843DD8B73ECE8 /* ELCAlbumPickerController.xib */; };
		9048F4C7728247788601666C /* ELCAssetPicker.xib in Resources */ = {isa = PBXBuildFile; fileRef = 0510A8D5347741FEBF79BD9C /* ELCAssetPicker.xib */; };
		F4AD6433A30146FE851FDB1F /* ELCAssetTablePicker.xib in Resources */ = {isa = PBXBuildFile; fileRef = 5EB4753C4A1D4066939DD721 /* ELCAssetTablePicker.xib */; };
		63B768696A8E477ABE2BC835 /* Overlay.png in Resources */ = {isa = PBXBuildFile; fileRef = 1979BF1201B44E9ABF911521 /* Overlay.png */; };
		CFCE841BD6224893ADC72FB9 /* Overlay@2x.png in Resources */ = {isa = PBXBuildFile; fileRef = 2F105CD5F4F54B8489CDBA53 /* Overlay@2x.png */; };
		5EFF3B657FF84AA18BC8BC70 /* SQLitePlugin.m in Sources */ = {isa = PBXBuildFile; fileRef = 88AD1E94572448218DFD2123 /* SQLitePlugin.m */; };
		47903E00366349D49DF1B711 /* sqlite3.c in Resources */ = {isa = PBXBuildFile; fileRef = F8C8689E98464A2C80EDC817 /* sqlite3.c */; };
/* End PBXBuildFile section */

/* Begin PBXContainerItemProxy section */
		301BF534109A57CC0062928A /* PBXContainerItemProxy */ = {
			isa = PBXContainerItemProxy;
			containerPortal = 301BF52D109A57CC0062928A /* CordovaLib.xcodeproj */;
			proxyType = 2;
			remoteGlobalIDString = D2AAC07E0554694100DB518D;
			remoteInfo = CordovaLib;
		};
		301BF550109A68C00062928A /* PBXContainerItemProxy */ = {
			isa = PBXContainerItemProxy;
			containerPortal = 301BF52D109A57CC0062928A /* CordovaLib.xcodeproj */;
			proxyType = 1;
			remoteGlobalIDString = D2AAC07D0554694100DB518D;
			remoteInfo = CordovaLib;
		};
/* End PBXContainerItemProxy section */

/* Begin PBXFileReference section */
		1D3623240D0F684500981E51 /* AppDelegate.h */ = {isa = PBXFileReference; fileEncoding = 4; lastKnownFileType = sourcecode.c.h; path = AppDelegate.h; sourceTree = "<group>"; };
		1D3623250D0F684500981E51 /* AppDelegate.m */ = {isa = PBXFileReference; fileEncoding = 4; lastKnownFileType = sourcecode.c.objc; path = AppDelegate.m; sourceTree = "<group>"; };
		1D6058910D05DD3D006BFB54 /* Test.app */ = {isa = PBXFileReference; explicitFileType = wrapper.application; includeInIndex = 0; path = "Test.app"; sourceTree = BUILT_PRODUCTS_DIR; };
		1F766FDD13BBADB100FB74C0 /* en */ = {isa = PBXFileReference; lastKnownFileType = text.plist.strings; name = en; path = Localizable.strings; sourceTree = "<group>"; };
		1F766FE013BBADB100FB74C0 /* es */ = {isa = PBXFileReference; lastKnownFileType = text.plist.strings; name = es; path = Localizable.strings; sourceTree = "<group>"; };
		288765FC0DF74451002DB57D /* CoreGraphics.framework */ = {isa = PBXFileReference; lastKnownFileType = wrapper.framework; name = CoreGraphics.framework; path = System/Library/Frameworks/CoreGraphics.framework; sourceTree = SDKROOT; };
		29B97316FDCFA39411CA2CEA /* main.m */ = {isa = PBXFileReference; fileEncoding = 4; lastKnownFileType = sourcecode.c.objc; path = main.m; sourceTree = "<group>"; };
		301BF52D109A57CC0062928A /* CordovaLib.xcodeproj */ = {isa = PBXFileReference; lastKnownFileType = "wrapper.pb-project"; name = CordovaLib.xcodeproj; path = CordovaLib/CordovaLib.xcodeproj; sourceTree = "<group>"; };
		301BF56E109A69640062928A /* www */ = {isa = PBXFileReference; lastKnownFileType = folder; path = www; sourceTree = SOURCE_ROOT; };
		302D95EE14D2391D003F00A1 /* MainViewController.h */ = {isa = PBXFileReference; fileEncoding = 4; lastKnownFileType = sourcecode.c.h; path = MainViewController.h; sourceTree = "<group>"; };
		302D95EF14D2391D003F00A1 /* MainViewController.m */ = {isa = PBXFileReference; fileEncoding = 4; lastKnownFileType = sourcecode.c.objc; path = MainViewController.m; sourceTree = "<group>"; };
		302D95F014D2391D003F00A1 /* MainViewController.xib */ = {isa = PBXFileReference; fileEncoding = 4; lastKnownFileType = file.xib; path = MainViewController.xib; sourceTree = "<group>"; };
		305D5FD0115AB8F900A74A75 /* MobileCoreServices.framework */ = {isa = PBXFileReference; lastKnownFileType = wrapper.framework; name = MobileCoreServices.framework; path = System/Library/Frameworks/MobileCoreServices.framework; sourceTree = SDKROOT; };
		3088BBB7154F3926009F9C59 /* Default-Landscape@2x~ipad.png */ = {isa = PBXFileReference; lastKnownFileType = image.png; path = "Default-Landscape@2x~ipad.png"; sourceTree = "<group>"; };
		3088BBB8154F3926009F9C59 /* Default-Landscape~ipad.png */ = {isa = PBXFileReference; lastKnownFileType = image.png; path = "Default-Landscape~ipad.png"; sourceTree = "<group>"; };
		3088BBB9154F3926009F9C59 /* Default-Portrait@2x~ipad.png */ = {isa = PBXFileReference; lastKnownFileType = image.png; path = "Default-Portrait@2x~ipad.png"; sourceTree = "<group>"; };
		3088BBBA154F3926009F9C59 /* Default-Portrait~ipad.png */ = {isa = PBXFileReference; lastKnownFileType = image.png; path = "Default-Portrait~ipad.png"; sourceTree = "<group>"; };
		3088BBBB154F3926009F9C59 /* Default@2x~iphone.png */ = {isa = PBXFileReference; lastKnownFileType = image.png; path = "Default@2x~iphone.png"; sourceTree = "<group>"; };
		3088BBBC154F3926009F9C59 /* Default~iphone.png */ = {isa = PBXFileReference; lastKnownFileType = image.png; path = "Default~iphone.png"; sourceTree = "<group>"; };
		308D052E1370CCF300D202BF /* icon-72.png */ = {isa = PBXFileReference; lastKnownFileType = image.png; path = "icon-72.png"; sourceTree = "<group>"; };
		308D052F1370CCF300D202BF /* icon.png */ = {isa = PBXFileReference; lastKnownFileType = image.png; path = icon.png; sourceTree = "<group>"; };
		308D05301370CCF300D202BF /* icon@2x.png */ = {isa = PBXFileReference; lastKnownFileType = image.png; path = "icon@2x.png"; sourceTree = "<group>"; };
		30B4F2FD19D5E07200D9F7D8 /* Default-667h.png */ = {isa = PBXFileReference; lastKnownFileType = image.png; path = "Default-667h.png"; sourceTree = "<group>"; };
		30B4F2FE19D5E07200D9F7D8 /* Default-736h.png */ = {isa = PBXFileReference; lastKnownFileType = image.png; path = "Default-736h.png"; sourceTree = "<group>"; };
		30B4F2FF19D5E07200D9F7D8 /* Default-Landscape-736h.png */ = {isa = PBXFileReference; lastKnownFileType = image.png; path = "Default-Landscape-736h.png"; sourceTree = "<group>"; };
		30C1856519D5FC0A00212699 /* icon-60@3x.png */ = {isa = PBXFileReference; lastKnownFileType = image.png; path = "icon-60@3x.png"; sourceTree = "<group>"; };
		30FC414816E50CA1004E6F35 /* icon-72@2x.png */ = {isa = PBXFileReference; lastKnownFileType = image.png; path = "icon-72@2x.png"; sourceTree = "<group>"; };
		32CA4F630368D1EE00C91783 /* Test-Prefix.pch */ = {isa = PBXFileReference; fileEncoding = 4; lastKnownFileType = sourcecode.c.h; path = "Test-Prefix.pch"; sourceTree = "<group>"; };
		5B1594DC16A7569C00FEF299 /* AssetsLibrary.framework */ = {isa = PBXFileReference; lastKnownFileType = wrapper.framework; name = AssetsLibrary.framework; path = System/Library/Frameworks/AssetsLibrary.framework; sourceTree = SDKROOT; };
		7E7966D41810823500FA85AD /* icon-40.png */ = {isa = PBXFileReference; lastKnownFileType = image.png; path = "icon-40.png"; sourceTree = "<group>"; };
		7E7966D51810823500FA85AD /* icon-40@2x.png */ = {isa = PBXFileReference; lastKnownFileType = image.png; path = "icon-40@2x.png"; sourceTree = "<group>"; };
		7E7966D61810823500FA85AD /* icon-50.png */ = {isa = PBXFileReference; lastKnownFileType = image.png; path = "icon-50.png"; sourceTree = "<group>"; };
		7E7966D71810823500FA85AD /* icon-50@2x.png */ = {isa = PBXFileReference; lastKnownFileType = image.png; path = "icon-50@2x.png"; sourceTree = "<group>"; };
		7E7966D81810823500FA85AD /* icon-60.png */ = {isa = PBXFileReference; lastKnownFileType = image.png; path = "icon-60.png"; sourceTree = "<group>"; };
		7E7966D91810823500FA85AD /* icon-60@2x.png */ = {isa = PBXFileReference; lastKnownFileType = image.png; path = "icon-60@2x.png"; sourceTree = "<group>"; };
		7E7966DA1810823500FA85AD /* icon-76.png */ = {isa = PBXFileReference; lastKnownFileType = image.png; path = "icon-76.png"; sourceTree = "<group>"; };
		7E7966DB1810823500FA85AD /* icon-76@2x.png */ = {isa = PBXFileReference; lastKnownFileType = image.png; path = "icon-76@2x.png"; sourceTree = "<group>"; };
		7E7966DC1810823500FA85AD /* icon-small.png */ = {isa = PBXFileReference; lastKnownFileType = image.png; path = "icon-small.png"; sourceTree = "<group>"; };
		7E7966DD1810823500FA85AD /* icon-small@2x.png */ = {isa = PBXFileReference; lastKnownFileType = image.png; path = "icon-small@2x.png"; sourceTree = "<group>"; };
		8D1107310486CEB800E47090 /* Test-Info.plist */ = {isa = PBXFileReference; fileEncoding = 4; lastKnownFileType = text.plist.xml; name = "Test-Info.plist"; path = "../Test-Info.plist"; plistStructureDefinitionIdentifier = "com.apple.xcode.plist.structure-definition.iphone.info-plist"; sourceTree = "<group>"; };
		D4A0D8751607E02300AEF8BB /* Default-568h@2x~iphone.png */ = {isa = PBXFileReference; lastKnownFileType = image.png; path = "Default-568h@2x~iphone.png"; sourceTree = "<group>"; };
		EB87FDF21871DA7A0020F90C /* merges */ = {isa = PBXFileReference; lastKnownFileType = folder; name = merges; path = ../../merges; sourceTree = "<group>"; };
		EB87FDF31871DA8E0020F90C /* www */ = {isa = PBXFileReference; lastKnownFileType = folder; name = www; path = ../../www; sourceTree = "<group>"; };
		EB87FDF41871DAF40020F90C /* config.xml */ = {isa = PBXFileReference; lastKnownFileType = text.xml; name = config.xml; path = ../../config.xml; sourceTree = "<group>"; };
		F840E1F0165FE0F500CFE078 /* config.xml */ = {isa = PBXFileReference; lastKnownFileType = text.xml; name = config.xml; path = "Test/config.xml"; sourceTree = "<group>"; };
		79769CDB34F54AF68DEAB047 /* CDVDevice.m */ = {isa = PBXFileReference; lastKnownFileType = sourcecode.c.objc; name = "CDVDevice.m"; path = "cordova-plugin-device/CDVDevice.m"; sourceTree = "<group>"; fileEncoding = 4; };
		BC0FF4304942467BBB54F37D /* CDVDevice.h */ = {isa = PBXFileReference; lastKnownFileType = sourcecode.c.h; name = "CDVDevice.h"; path = "cordova-plugin-device/CDVDevice.h"; sourceTree = "<group>"; fileEncoding = 4; };
		C1F4C6E63293469DA6CE115C /* UIImage+CropScaleOrientation.m */ = {isa = PBXFileReference; lastKnownFileType = sourcecode.c.objc; name = "UIImage+CropScaleOrientation.m"; path = "cordova-plugin-camera/UIImage+CropScaleOrientation.m"; sourceTree = "<group>"; fileEncoding = 4; };
		4E306D3ECAAE4774A47EAE60 /* CDVCamera.m */ = {isa = PBXFileReference; lastKnownFileType = sourcecode.c.objc; name = "CDVCamera.m"; path = "cordova-plugin-camera/CDVCamera.m"; sourceTree = "<group>"; fileEncoding = 4; };
		C2C5A8E07D764EA5AB1F6AFD /* CDVJpegHeaderWriter.m */ = {isa = PBXFileReference; lastKnownFileType = sourcecode.c.objc; name = "CDVJpegHeaderWriter.m"; path = "cordova-plugin-camera/CDVJpegHeaderWriter.m"; sourceTree = "<group>"; fileEncoding = 4; };
		7FD8AE8D7D5D4C33B3AA8670 /* UIImage+CropScaleOrientation.h */ = {isa = PBXFileReference; lastKnownFileType = sourcecode.c.h; name = "UIImage+CropScaleOrientation.h"; path = "cordova-plugin-camera/UIImage+CropScaleOrientation.h"; sourceTree = "<group>"; fileEncoding = 4; };
		38F396DD68214B8482146D2F /* CDVCamera.h */ = {isa = PBXFileReference; lastKnownFileType = sourcecode.c.h; name = "CDVCamera.h"; path = "cordova-plugin-camera/CDVCamera.h"; sourceTree = "<group>"; fileEncoding = 4; };
		51A3378281024554B24E5A5D /* CDVJpegHeaderWriter.h */ = {isa = PBXFileReference; lastKnownFileType = sourcecode.c.h; name = "CDVJpegHeaderWriter.h"; path = "cordova-plugin-camera/CDVJpegHeaderWriter.h"; sourceTree = "<group>"; fileEncoding = 4; };
		EF30762D962C45489FA91BCA /* CDVExif.h */ = {isa = PBXFileReference; lastKnownFileType = sourcecode.c.h; name = "CDVExif.h"; path = "cordova-plugin-camera/CDVExif.h"; sourceTree = "<group>"; fileEncoding = 4; };
		3915F6926D6D4146858564B2 /* ImageIO.framework */ = {isa = PBXFileReference; lastKnownFileType = wrapper.framework; name = "ImageIO.framework"; path = "System/Library/Frameworks/ImageIO.framework"; sourceTree = SDKROOT; fileEncoding = 4; };
		DDE3965FF1C345A0814D27EE /* CoreLocation.framework */ = {isa = PBXFileReference; lastKnownFileType = wrapper.framework; name = "CoreLocation.framework"; path = "System/Library/Frameworks/CoreLocation.framework"; sourceTree = SDKROOT; fileEncoding = 4; };
		54A1C697F2504C4E97DC80BC /* AVFoundation.framework */ = {isa = PBXFileReference; lastKnownFileType = wrapper.framework; name = "AVFoundation.framework"; path = "System/Library/Frameworks/AVFoundation.framework"; sourceTree = SDKROOT; fileEncoding = 4; };
		E204BC6B79C840EBA7C7A511 /* CDVBarcodeScanner.mm */ = {isa = PBXFileReference; lastKnownFileType = unknown; name = "CDVBarcodeScanner.mm"; path = "phonegap-plugin-barcodescanner/CDVBarcodeScanner.mm"; sourceTree = "<group>"; fileEncoding = 4; };
		B9864D201AF941E3AB1D8221 /* zxing-all-in-one.cpp */ = {isa = PBXFileReference; lastKnownFileType = unknown; name = "zxing-all-in-one.cpp"; path = "phonegap-plugin-barcodescanner/zxing-all-in-one.cpp"; sourceTree = "<group>"; fileEncoding = 4; };
		32462C8A58864EF5A9C4C673 /* zxing-all-in-one.h */ = {isa = PBXFileReference; lastKnownFileType = sourcecode.c.h; name = "zxing-all-in-one.h"; path = "phonegap-plugin-barcodescanner/zxing-all-in-one.h"; sourceTree = "<group>"; fileEncoding = 4; };
		BB26E62BD51E4788A96D8C8E /* scannerOverlay.xib */ = {isa = PBXFileReference; lastKnownFileType = file.xib; name = "scannerOverlay.xib"; path = "scannerOverlay.xib"; sourceTree = "<group>"; fileEncoding = 4; };
		85DBDF7932BB4EED86FFD95E /* CDVBarcodeScanner.bundle */ = {isa = PBXFileReference; lastKnownFileType = "wrapper.plug-in"; name = "CDVBarcodeScanner.bundle"; path = "CDVBarcodeScanner.bundle"; sourceTree = "<group>"; };
		6014753A5CB34FA683A16DC0 /* libiconv.dylib */ = {isa = PBXFileReference; lastKnownFileType = "compiled.mach-o.dylib"; name = "libiconv.dylib"; path = "usr/lib/libiconv.dylib"; sourceTree = SDKROOT; fileEncoding = 4; };
		E700F4727A9B4B91AB994681 /* CoreVideo.framework */ = {isa = PBXFileReference; lastKnownFileType = wrapper.framework; name = "CoreVideo.framework"; path = "System/Library/Frameworks/CoreVideo.framework"; sourceTree = SDKROOT; fileEncoding = 4; };
		A24B7E79D4DD4D90906B98EF /* QuartzCore.framework */ = {isa = PBXFileReference; lastKnownFileType = wrapper.framework; name = "QuartzCore.framework"; path = "System/Library/Frameworks/QuartzCore.framework"; sourceTree = SDKROOT; fileEncoding = 4; };
		AB012D8F7BAB4FAB8930EADD /* CoreImage.framework */ = {isa = PBXFileReference; lastKnownFileType = wrapper.framework; name = "CoreImage.framework"; path = "System/Library/Frameworks/CoreImage.framework"; sourceTree = SDKROOT; fileEncoding = 4; };
		91B61A89BBD545D3A8AA3063 /* AudioToolbox.framework */ = {isa = PBXFileReference; lastKnownFileType = wrapper.framework; name = "AudioToolbox.framework"; path = "System/Library/Frameworks/AudioToolbox.framework"; sourceTree = SDKROOT; fileEncoding = 4; };
		D3D143F4ADE04FB49EB6EE6B /* CDVFile.m */ = {isa = PBXFileReference; lastKnownFileType = sourcecode.c.objc; name = "CDVFile.m"; path = "cordova-plugin-file/CDVFile.m"; sourceTree = "<group>"; fileEncoding = 4; };
		0FBA4D467B5340CF8CE4790B /* CDVLocalFilesystem.m */ = {isa = PBXFileReference; lastKnownFileType = sourcecode.c.objc; name = "CDVLocalFilesystem.m"; path = "cordova-plugin-file/CDVLocalFilesystem.m"; sourceTree = "<group>"; fileEncoding = 4; };
		583CE59B98B3422F90D800E7 /* CDVAssetLibraryFilesystem.m */ = {isa = PBXFileReference; lastKnownFileType = sourcecode.c.objc; name = "CDVAssetLibraryFilesystem.m"; path = "cordova-plugin-file/CDVAssetLibraryFilesystem.m"; sourceTree = "<group>"; fileEncoding = 4; };
		DDCB10D5FE914F68976A4AD7 /* CDVFile.h */ = {isa = PBXFileReference; lastKnownFileType = sourcecode.c.h; name = "CDVFile.h"; path = "cordova-plugin-file/CDVFile.h"; sourceTree = "<group>"; fileEncoding = 4; };
		7F0D112EF8C94FF7BCF0929D /* CDVLocalFilesystem.h */ = {isa = PBXFileReference; lastKnownFileType = sourcecode.c.h; name = "CDVLocalFilesystem.h"; path = "cordova-plugin-file/CDVLocalFilesystem.h"; sourceTree = "<group>"; fileEncoding = 4; };
		A5FBCDDDCD564498BE865332 /* CDVAssetLibraryFilesystem.h */ = {isa = PBXFileReference; lastKnownFileType = sourcecode.c.h; name = "CDVAssetLibraryFilesystem.h"; path = "cordova-plugin-file/CDVAssetLibraryFilesystem.h"; sourceTree = "<group>"; fileEncoding = 4; };
		E0E2383610A345B7BB561E2E /* CDVFileTransfer.m */ = {isa = PBXFileReference; lastKnownFileType = sourcecode.c.objc; name = "CDVFileTransfer.m"; path = "cordova-plugin-file-transfer/CDVFileTransfer.m"; sourceTree = "<group>"; fileEncoding = 4; };
		1A419EE12EC24F9D9F339015 /* CDVFileTransfer.h */ = {isa = PBXFileReference; lastKnownFileType = sourcecode.c.h; name = "CDVFileTransfer.h"; path = "cordova-plugin-file-transfer/CDVFileTransfer.h"; sourceTree = "<group>"; fileEncoding = 4; };
		26BF2E85910D474AAD7CB341 /* SOSPicker.m */ = {isa = PBXFileReference; lastKnownFileType = sourcecode.c.objc; name = "SOSPicker.m"; path = "com.synconset.imagepicker/SOSPicker.m"; sourceTree = "<group>"; fileEncoding = 4; };
		95BEDDAFB5EC4024818C55FA /* ELCAlbumPickerController.m */ = {isa = PBXFileReference; lastKnownFileType = sourcecode.c.objc; name = "ELCAlbumPickerController.m"; path = "com.synconset.imagepicker/ELCAlbumPickerController.m"; sourceTree = "<group>"; fileEncoding = 4; };
		7F6D811A4EC142EAA1E4FE83 /* ELCAsset.m */ = {isa = PBXFileReference; lastKnownFileType = sourcecode.c.objc; name = "ELCAsset.m"; path = "com.synconset.imagepicker/ELCAsset.m"; sourceTree = "<group>"; fileEncoding = 4; };
		3A3D42B1DA1941EE9259C49F /* ELCAssetCell.m */ = {isa = PBXFileReference; lastKnownFileType = sourcecode.c.objc; name = "ELCAssetCell.m"; path = "com.synconset.imagepicker/ELCAssetCell.m"; sourceTree = "<group>"; fileEncoding = 4; };
		2C4532E51BA646F1B2556874 /* ELCAssetTablePicker.m */ = {isa = PBXFileReference; lastKnownFileType = sourcecode.c.objc; name = "ELCAssetTablePicker.m"; path = "com.synconset.imagepicker/ELCAssetTablePicker.m"; sourceTree = "<group>"; fileEncoding = 4; };
		23C4B396769546209480120F /* ELCImagePickerController.m */ = {isa = PBXFileReference; lastKnownFileType = sourcecode.c.objc; name = "ELCImagePickerController.m"; path = "com.synconset.imagepicker/ELCImagePickerController.m"; sourceTree = "<group>"; fileEncoding = 4; };
		1D9348C6111E4EA9B0766C2D /* SOSPicker.h */ = {isa = PBXFileReference; lastKnownFileType = sourcecode.c.h; name = "SOSPicker.h"; path = "com.synconset.imagepicker/SOSPicker.h"; sourceTree = "<group>"; fileEncoding = 4; };
		3905A2E7823E466DBBCE3E84 /* ELCAlbumPickerController.h */ = {isa = PBXFileReference; lastKnownFileType = sourcecode.c.h; name = "ELCAlbumPickerController.h"; path = "com.synconset.imagepicker/ELCAlbumPickerController.h"; sourceTree = "<group>"; fileEncoding = 4; };
		9CBCA04CC0744D07B7C65B37 /* ELCAsset.h */ = {isa = PBXFileReference; lastKnownFileType = sourcecode.c.h; name = "ELCAsset.h"; path = "com.synconset.imagepicker/ELCAsset.h"; sourceTree = "<group>"; fileEncoding = 4; };
		5DC9FAD99AB34455BA1D71CD /* ELCAssetCell.h */ = {isa = PBXFileReference; lastKnownFileType = sourcecode.c.h; name = "ELCAssetCell.h"; path = "com.synconset.imagepicker/ELCAssetCell.h"; sourceTree = "<group>"; fileEncoding = 4; };
		61EE1DB58C314CEBB621824D /* ELCAssetPickerFilterDelegate.h */ = {isa = PBXFileReference; lastKnownFileType = sourcecode.c.h; name = "ELCAssetPickerFilterDelegate.h"; path = "com.synconset.imagepicker/ELCAssetPickerFilterDelegate.h"; sourceTree = "<group>"; fileEncoding = 4; };
		5B2C6AC8D83D4BBFA15F5A12 /* ELCAssetSelectionDelegate.h */ = {isa = PBXFileReference; lastKnownFileType = sourcecode.c.h; name = "ELCAssetSelectionDelegate.h"; path = "com.synconset.imagepicker/ELCAssetSelectionDelegate.h"; sourceTree = "<group>"; fileEncoding = 4; };
		F8C4F46A6BAA45668F80DCB2 /* ELCAssetTablePicker.h */ = {isa = PBXFileReference; lastKnownFileType = sourcecode.c.h; name = "ELCAssetTablePicker.h"; path = "com.synconset.imagepicker/ELCAssetTablePicker.h"; sourceTree = "<group>"; fileEncoding = 4; };
		0F925E56F8CF431897E0DE6F /* ELCImagePickerController.h */ = {isa = PBXFileReference; lastKnownFileType = sourcecode.c.h; name = "ELCImagePickerController.h"; path = "com.synconset.imagepicker/ELCImagePickerController.h"; sourceTree = "<group>"; fileEncoding = 4; };
		2A6689A4C37843DD8B73ECE8 /* ELCAlbumPickerController.xib */ = {isa = PBXFileReference; lastKnownFileType = file.xib; name = "ELCAlbumPickerController.xib"; path = "ELCAlbumPickerController.xib"; sourceTree = "<group>"; fileEncoding = 4; };
		0510A8D5347741FEBF79BD9C /* ELCAssetPicker.xib */ = {isa = PBXFileReference; lastKnownFileType = file.xib; name = "ELCAssetPicker.xib"; path = "ELCAssetPicker.xib"; sourceTree = "<group>"; fileEncoding = 4; };
		5EB4753C4A1D4066939DD721 /* ELCAssetTablePicker.xib */ = {isa = PBXFileReference; lastKnownFileType = file.xib; name = "ELCAssetTablePicker.xib"; path = "ELCAssetTablePicker.xib"; sourceTree = "<group>"; fileEncoding = 4; };
		1979BF1201B44E9ABF911521 /* Overlay.png */ = {isa = PBXFileReference; lastKnownFileType = unknown; name = "Overlay.png"; path = "Overlay.png"; sourceTree = "<group>"; fileEncoding = 4; };
		2F105CD5F4F54B8489CDBA53 /* Overlay@2x.png */ = {isa = PBXFileReference; lastKnownFileType = unknown; name = "Overlay@2x.png"; path = "Overlay@2x.png"; sourceTree = "<group>"; fileEncoding = 4; };
		88AD1E94572448218DFD2123 /* SQLitePlugin.m */ = {isa = PBXFileReference; lastKnownFileType = sourcecode.c.objc; name = "SQLitePlugin.m"; path = "cordova-sqlite-storage/SQLitePlugin.m"; sourceTree = "<group>"; fileEncoding = 4; };
		F8C8689E98464A2C80EDC817 /* sqlite3.c */ = {isa = PBXFileReference; lastKnownFileType = unknown; name = "sqlite3.c"; path = "cordova-sqlite-storage/sqlite3.c"; sourceTree = "<group>"; fileEncoding = 4; };
		EAA05B59F7884891B525DEC0 /* SQLitePlugin.h */ = {isa = PBXFileReference; lastKnownFileType = sourcecode.c.h; name = "SQLitePlugin.h"; path = "cordova-sqlite-storage/SQLitePlugin.h"; sourceTree = "<group>"; fileEncoding = 4; };
		AA98E98ED7254095815196BE /* sqlite3.h */ = {isa = PBXFileReference; lastKnownFileType = sourcecode.c.h; name = "sqlite3.h"; path = "cordova-sqlite-storage/sqlite3.h"; sourceTree = "<group>"; fileEncoding = 4; };
/* End PBXFileReference section */

/* Begin PBXFrameworksBuildPhase section */
		1D60588F0D05DD3D006BFB54 /* Frameworks */ = {
			isa = PBXFrameworksBuildPhase;
			buildActionMask = 2147483647;
			files = (
				5B1594DD16A7569C00FEF299 /* AssetsLibrary.framework in Frameworks */,
				301BF552109A68D80062928A /* libCordova.a in Frameworks */,
				288765FD0DF74451002DB57D /* CoreGraphics.framework in Frameworks */,
				305D5FD1115AB8F900A74A75 /* MobileCoreServices.framework in Frameworks */,
				545C7E216ACB40C08FF5FA1D /* ImageIO.framework in Frameworks */,
				C045413E5A464507833664B4 /* CoreLocation.framework in Frameworks */,
				64DB79B4688E41C782D74467 /* AVFoundation.framework in Frameworks */,
				F0E7DC02D7F8440C98B24872 /* libiconv.dylib in Frameworks */,
				5D6C03A7B54045C890DA6DC1 /* CoreVideo.framework in Frameworks */,
				8268300D25C1439B84292C3F /* QuartzCore.framework in Frameworks */,
				9D5D8A43871F424CB007B7E9 /* CoreImage.framework in Frameworks */,
				A414B73072404515BCB3B273 /* AudioToolbox.framework in Frameworks */,
			);
			runOnlyForDeploymentPostprocessing = 0;
		};
/* End PBXFrameworksBuildPhase section */

/* Begin PBXGroup section */
		080E96DDFE201D6D7F000001 /* Classes */ = {
			isa = PBXGroup;
			children = (
				302D95EE14D2391D003F00A1 /* MainViewController.h */,
				302D95EF14D2391D003F00A1 /* MainViewController.m */,
				302D95F014D2391D003F00A1 /* MainViewController.xib */,
				1D3623240D0F684500981E51 /* AppDelegate.h */,
				1D3623250D0F684500981E51 /* AppDelegate.m */,
			);
			name = Classes;
			path = "Test/Classes";
			sourceTree = SOURCE_ROOT;
		};
		19C28FACFE9D520D11CA2CBB /* Products */ = {
			isa = PBXGroup;
			children = (
				1D6058910D05DD3D006BFB54 /* Test.app */,
			);
			name = Products;
			sourceTree = "<group>";
		};
		29B97314FDCFA39411CA2CEA /* CustomTemplate */ = {
			isa = PBXGroup;
			children = (
				EB87FDF41871DAF40020F90C /* config.xml */,
				EB87FDF31871DA8E0020F90C /* www */,
				EB87FDF21871DA7A0020F90C /* merges */,
				EB87FDF11871DA420020F90C /* Staging */,
				301BF52D109A57CC0062928A /* CordovaLib.xcodeproj */,
				080E96DDFE201D6D7F000001 /* Classes */,
				307C750510C5A3420062BCA9 /* Plugins */,
				29B97315FDCFA39411CA2CEA /* Other Sources */,
				29B97317FDCFA39411CA2CEA /* Resources */,
				29B97323FDCFA39411CA2CEA /* Frameworks */,
				19C28FACFE9D520D11CA2CBB /* Products */,
			);
			name = CustomTemplate;
			sourceTree = "<group>";
		};
		29B97315FDCFA39411CA2CEA /* Other Sources */ = {
			isa = PBXGroup;
			children = (
				32CA4F630368D1EE00C91783 /* Test-Prefix.pch */,
				29B97316FDCFA39411CA2CEA /* main.m */,
			);
			name = "Other Sources";
			path = "Test";
			sourceTree = "<group>";
		};
		29B97317FDCFA39411CA2CEA /* Resources */ = {
			isa = PBXGroup;
			children = (
				308D052D1370CCF300D202BF /* icons */,
				308D05311370CCF300D202BF /* splash */,
				8D1107310486CEB800E47090 /* Test-Info.plist */,
				BB26E62BD51E4788A96D8C8E /* scannerOverlay.xib */,
				85DBDF7932BB4EED86FFD95E /* CDVBarcodeScanner.bundle */,
				2A6689A4C37843DD8B73ECE8 /* ELCAlbumPickerController.xib */,
				0510A8D5347741FEBF79BD9C /* ELCAssetPicker.xib */,
				5EB4753C4A1D4066939DD721 /* ELCAssetTablePicker.xib */,
				1979BF1201B44E9ABF911521 /* Overlay.png */,
				2F105CD5F4F54B8489CDBA53 /* Overlay@2x.png */,
			);
			name = Resources;
			path = "Test/Resources";
			sourceTree = "<group>";
		};
		29B97323FDCFA39411CA2CEA /* Frameworks */ = {
			isa = PBXGroup;
			children = (
				5B1594DC16A7569C00FEF299 /* AssetsLibrary.framework */,
				288765FC0DF74451002DB57D /* CoreGraphics.framework */,
				305D5FD0115AB8F900A74A75 /* MobileCoreServices.framework */,
				3915F6926D6D4146858564B2 /* ImageIO.framework */,
				DDE3965FF1C345A0814D27EE /* CoreLocation.framework */,
				54A1C697F2504C4E97DC80BC /* AVFoundation.framework */,
				6014753A5CB34FA683A16DC0 /* libiconv.dylib */,
				E700F4727A9B4B91AB994681 /* CoreVideo.framework */,
				A24B7E79D4DD4D90906B98EF /* QuartzCore.framework */,
				AB012D8F7BAB4FAB8930EADD /* CoreImage.framework */,
				91B61A89BBD545D3A8AA3063 /* AudioToolbox.framework */,
			);
			name = Frameworks;
			sourceTree = "<group>";
		};
		301BF52E109A57CC0062928A /* Products */ = {
			isa = PBXGroup;
			children = (
				301BF535109A57CC0062928A /* libCordova.a */,
			);
			name = Products;
			sourceTree = "<group>";
		};
		307C750510C5A3420062BCA9 /* Plugins */ = {
			isa = PBXGroup;
			children = (
				79769CDB34F54AF68DEAB047 /* CDVDevice.m */,
				BC0FF4304942467BBB54F37D /* CDVDevice.h */,
				C1F4C6E63293469DA6CE115C /* UIImage+CropScaleOrientation.m */,
				4E306D3ECAAE4774A47EAE60 /* CDVCamera.m */,
				C2C5A8E07D764EA5AB1F6AFD /* CDVJpegHeaderWriter.m */,
				7FD8AE8D7D5D4C33B3AA8670 /* UIImage+CropScaleOrientation.h */,
				38F396DD68214B8482146D2F /* CDVCamera.h */,
				51A3378281024554B24E5A5D /* CDVJpegHeaderWriter.h */,
				EF30762D962C45489FA91BCA /* CDVExif.h */,
				E204BC6B79C840EBA7C7A511 /* CDVBarcodeScanner.mm */,
				B9864D201AF941E3AB1D8221 /* zxing-all-in-one.cpp */,
				32462C8A58864EF5A9C4C673 /* zxing-all-in-one.h */,
				D3D143F4ADE04FB49EB6EE6B /* CDVFile.m */,
				0FBA4D467B5340CF8CE4790B /* CDVLocalFilesystem.m */,
				583CE59B98B3422F90D800E7 /* CDVAssetLibraryFilesystem.m */,
				DDCB10D5FE914F68976A4AD7 /* CDVFile.h */,
				7F0D112EF8C94FF7BCF0929D /* CDVLocalFilesystem.h */,
				A5FBCDDDCD564498BE865332 /* CDVAssetLibraryFilesystem.h */,
				E0E2383610A345B7BB561E2E /* CDVFileTransfer.m */,
				1A419EE12EC24F9D9F339015 /* CDVFileTransfer.h */,
				26BF2E85910D474AAD7CB341 /* SOSPicker.m */,
				95BEDDAFB5EC4024818C55FA /* ELCAlbumPickerController.m */,
				7F6D811A4EC142EAA1E4FE83 /* ELCAsset.m */,
				3A3D42B1DA1941EE9259C49F /* ELCAssetCell.m */,
				2C4532E51BA646F1B2556874 /* ELCAssetTablePicker.m */,
				23C4B396769546209480120F /* ELCImagePickerController.m */,
				1D9348C6111E4EA9B0766C2D /* SOSPicker.h */,
				3905A2E7823E466DBBCE3E84 /* ELCAlbumPickerController.h */,
				9CBCA04CC0744D07B7C65B37 /* ELCAsset.h */,
				5DC9FAD99AB34455BA1D71CD /* ELCAssetCell.h */,
				61EE1DB58C314CEBB621824D /* ELCAssetPickerFilterDelegate.h */,
				5B2C6AC8D83D4BBFA15F5A12 /* ELCAssetSelectionDelegate.h */,
				F8C4F46A6BAA45668F80DCB2 /* ELCAssetTablePicker.h */,
				0F925E56F8CF431897E0DE6F /* ELCImagePickerController.h */,
				88AD1E94572448218DFD2123 /* SQLitePlugin.m */,
				F8C8689E98464A2C80EDC817 /* sqlite3.c */,
				EAA05B59F7884891B525DEC0 /* SQLitePlugin.h */,
				AA98E98ED7254095815196BE /* sqlite3.h */,
			);
			name = Plugins;
			path = "Test/Plugins";
			sourceTree = SOURCE_ROOT;
		};
		308D052D1370CCF300D202BF /* icons */ = {
			isa = PBXGroup;
			children = (
				30C1856519D5FC0A00212699 /* icon-60@3x.png */,
				7E7966D41810823500FA85AD /* icon-40.png */,
				7E7966D51810823500FA85AD /* icon-40@2x.png */,
				7E7966D61810823500FA85AD /* icon-50.png */,
				7E7966D71810823500FA85AD /* icon-50@2x.png */,
				7E7966D81810823500FA85AD /* icon-60.png */,
				7E7966D91810823500FA85AD /* icon-60@2x.png */,
				7E7966DA1810823500FA85AD /* icon-76.png */,
				7E7966DB1810823500FA85AD /* icon-76@2x.png */,
				7E7966DC1810823500FA85AD /* icon-small.png */,
				7E7966DD1810823500FA85AD /* icon-small@2x.png */,
				30FC414816E50CA1004E6F35 /* icon-72@2x.png */,
				308D052E1370CCF300D202BF /* icon-72.png */,
				308D052F1370CCF300D202BF /* icon.png */,
				308D05301370CCF300D202BF /* icon@2x.png */,
			);
			path = icons;
			sourceTree = "<group>";
		};
		308D05311370CCF300D202BF /* splash */ = {
			isa = PBXGroup;
			children = (
				30B4F2FD19D5E07200D9F7D8 /* Default-667h.png */,
				30B4F2FE19D5E07200D9F7D8 /* Default-736h.png */,
				30B4F2FF19D5E07200D9F7D8 /* Default-Landscape-736h.png */,
				D4A0D8751607E02300AEF8BB /* Default-568h@2x~iphone.png */,
				3088BBB7154F3926009F9C59 /* Default-Landscape@2x~ipad.png */,
				3088BBB8154F3926009F9C59 /* Default-Landscape~ipad.png */,
				3088BBB9154F3926009F9C59 /* Default-Portrait@2x~ipad.png */,
				3088BBBA154F3926009F9C59 /* Default-Portrait~ipad.png */,
				3088BBBB154F3926009F9C59 /* Default@2x~iphone.png */,
				3088BBBC154F3926009F9C59 /* Default~iphone.png */,
			);
			path = splash;
			sourceTree = "<group>";
		};
		EB87FDF11871DA420020F90C /* Staging */ = {
			isa = PBXGroup;
			children = (
				F840E1F0165FE0F500CFE078 /* config.xml */,
				301BF56E109A69640062928A /* www */,
			);
			name = Staging;
			sourceTree = "<group>";
		};
/* End PBXGroup section */

/* Begin PBXNativeTarget section */
		1D6058900D05DD3D006BFB54 /* Test */ = {
			isa = PBXNativeTarget;
			buildConfigurationList = 1D6058960D05DD3E006BFB54 /* Build configuration list for PBXNativeTarget "Test" */;
			buildPhases = (
				304B58A110DAC018002A0835 /* Copy www directory */,
				1D60588D0D05DD3D006BFB54 /* Resources */,
				1D60588E0D05DD3D006BFB54 /* Sources */,
				1D60588F0D05DD3D006BFB54 /* Frameworks */,
			);
			buildRules = (
			);
			dependencies = (
				301BF551109A68C00062928A /* PBXTargetDependency */,
			);
			name = "Test";
			productName = "Test";
			productReference = 1D6058910D05DD3D006BFB54 /* Test.app */;
			productType = "com.apple.product-type.application";
		};
/* End PBXNativeTarget section */

/* Begin PBXProject section */
		29B97313FDCFA39411CA2CEA /* Project object */ = {
			isa = PBXProject;
			attributes = {
				LastUpgradeCheck = 510;
			};
			buildConfigurationList = C01FCF4E08A954540054247B /* Build configuration list for PBXProject "__CLI__" */;
			compatibilityVersion = "Xcode 3.2";
			developmentRegion = English;
			hasScannedForEncodings = 1;
			knownRegions = (
				English,
				Japanese,
				French,
				German,
				en,
				es,
				de,
				se,
			);
			mainGroup = 29B97314FDCFA39411CA2CEA /* CustomTemplate */;
			projectDirPath = "";
			projectReferences = (
				{
					ProductGroup = 301BF52E109A57CC0062928A /* Products */;
					ProjectRef = 301BF52D109A57CC0062928A /* CordovaLib.xcodeproj */;
				},
			);
			projectRoot = "";
			targets = (
				1D6058900D05DD3D006BFB54 /* Test */,
			);
		};
/* End PBXProject section */

/* Begin PBXReferenceProxy section */
		301BF535109A57CC0062928A /* libCordova.a */ = {
			isa = PBXReferenceProxy;
			fileType = archive.ar;
			path = libCordova.a;
			remoteRef = 301BF534109A57CC0062928A /* PBXContainerItemProxy */;
			sourceTree = BUILT_PRODUCTS_DIR;
		};
/* End PBXReferenceProxy section */

/* Begin PBXResourcesBuildPhase section */
		1D60588D0D05DD3D006BFB54 /* Resources */ = {
			isa = PBXResourcesBuildPhase;
			buildActionMask = 2147483647;
			files = (
				7E7966E41810823500FA85AD /* icon-76.png in Resources */,
				7E7966DF1810823500FA85AD /* icon-40@2x.png in Resources */,
				308D05371370CCF300D202BF /* icon-72.png in Resources */,
				30B4F30119D5E07200D9F7D8 /* Default-736h.png in Resources */,
				308D05381370CCF300D202BF /* icon.png in Resources */,
				308D05391370CCF300D202BF /* icon@2x.png in Resources */,
				302D95F214D2391D003F00A1 /* MainViewController.xib in Resources */,
				7E7966E01810823500FA85AD /* icon-50.png in Resources */,
				7E7966E31810823500FA85AD /* icon-60@2x.png in Resources */,
				7E7966E61810823500FA85AD /* icon-small.png in Resources */,
				3088BBBD154F3926009F9C59 /* Default-Landscape@2x~ipad.png in Resources */,
				3088BBBE154F3926009F9C59 /* Default-Landscape~ipad.png in Resources */,
				3088BBBF154F3926009F9C59 /* Default-Portrait@2x~ipad.png in Resources */,
				7E7966E71810823500FA85AD /* icon-small@2x.png in Resources */,
				3088BBC0154F3926009F9C59 /* Default-Portrait~ipad.png in Resources */,
				30B4F30019D5E07200D9F7D8 /* Default-667h.png in Resources */,
				7E7966DE1810823500FA85AD /* icon-40.png in Resources */,
				3088BBC1154F3926009F9C59 /* Default@2x~iphone.png in Resources */,
				7E7966E21810823500FA85AD /* icon-60.png in Resources */,
				3088BBC2154F3926009F9C59 /* Default~iphone.png in Resources */,
				D4A0D8761607E02300AEF8BB /* Default-568h@2x~iphone.png in Resources */,
				30B4F30219D5E07200D9F7D8 /* Default-Landscape-736h.png in Resources */,
				30C1856619D5FC0A00212699 /* icon-60@3x.png in Resources */,
				7E7966E11810823500FA85AD /* icon-50@2x.png in Resources */,
				7E7966E51810823500FA85AD /* icon-76@2x.png in Resources */,
				30FC414916E50CA1004E6F35 /* icon-72@2x.png in Resources */,
				7BB3074A28F546F8B5F682C8 /* scannerOverlay.xib in Resources */,
				E5CF462E063C4B6795ABED73 /* CDVBarcodeScanner.bundle in Resources */,
				92E1693A67584B98B0CF059E /* ELCAlbumPickerController.xib in Resources */,
				9048F4C7728247788601666C /* ELCAssetPicker.xib in Resources */,
				F4AD6433A30146FE851FDB1F /* ELCAssetTablePicker.xib in Resources */,
				63B768696A8E477ABE2BC835 /* Overlay.png in Resources */,
				CFCE841BD6224893ADC72FB9 /* Overlay@2x.png in Resources */,
			);
			runOnlyForDeploymentPostprocessing = 0;
		};
/* End PBXResourcesBuildPhase section */

/* Begin PBXShellScriptBuildPhase section */
		304B58A110DAC018002A0835 /* Copy www directory */ = {
			isa = PBXShellScriptBuildPhase;
			buildActionMask = 2147483647;
			files = (
			);
			inputPaths = (
			);
			name = "Copy www directory";
			outputPaths = (
			);
			runOnlyForDeploymentPostprocessing = 0;
			shellPath = /bin/sh;
			shellScript = "NODEJS_PATH=/usr/local/bin; NVM_NODE_PATH=~/.nvm/versions/node/`nvm version 2>/dev/null`/bin; N_NODE_PATH=`find /usr/local/n/versions/node/* -maxdepth 0 -type d 2>/dev/null | tail -1`/bin; XCODE_NODE_PATH=`xcode-select --print-path`/usr/share/xcs/Node/bin; PATH=$NODEJS_PATH:$NVM_NODE_PATH:$N_NODE_PATH:$XCODE_NODE_PATH:$PATH && node cordova/lib/copy-www-build-step.js";
			showEnvVarsInLog = 0;
		};
/* End PBXShellScriptBuildPhase section */

/* Begin PBXSourcesBuildPhase section */
		1D60588E0D05DD3D006BFB54 /* Sources */ = {
			isa = PBXSourcesBuildPhase;
			buildActionMask = 2147483647;
			files = (
				1D60589B0D05DD56006BFB54 /* main.m in Sources */,
				1D3623260D0F684500981E51 /* AppDelegate.m in Sources */,
				302D95F114D2391D003F00A1 /* MainViewController.m in Sources */,
				F9EA4E9F7E234BEFBC6C9B64 /* CDVDevice.m in Sources */,
				99D6645388DE4606A5489213 /* UIImage+CropScaleOrientation.m in Sources */,
				AD69D5A7DB9A4D40BBD281B0 /* CDVCamera.m in Sources */,
				D3910F4951E74D6E9341697F /* CDVJpegHeaderWriter.m in Sources */,
				A67E8F55D64F4E96B7CA11ED /* CDVBarcodeScanner.mm in Resources */,
				8A90B283B8BE49D6B12F4272 /* zxing-all-in-one.cpp in Resources */,
				904E0FAE3AF641A8BD315F0E /* CDVFile.m in Sources */,
				D3596DA4FA3D4AF7B9C2E374 /* CDVLocalFilesystem.m in Sources */,
				229AE6FBF8FC4A179B328C4A /* CDVAssetLibraryFilesystem.m in Sources */,
				E5E8A86A615242EEB809A2C1 /* CDVFileTransfer.m in Sources */,
				E0D53B2FD543485683CCA785 /* SOSPicker.m in Sources */,
				172F06F74B924C9F81BDBF3B /* ELCAlbumPickerController.m in Sources */,
				F904E5CB995C486193010465 /* ELCAsset.m in Sources */,
				CFCA6D357C214125969FD071 /* ELCAssetCell.m in Sources */,
				30F3060292914E5988A4ADA3 /* ELCAssetTablePicker.m in Sources */,
				418075163B9942109C480576 /* ELCImagePickerController.m in Sources */,
				5EFF3B657FF84AA18BC8BC70 /* SQLitePlugin.m in Sources */,
				47903E00366349D49DF1B711 /* sqlite3.c in Resources */,
			);
			runOnlyForDeploymentPostprocessing = 0;
		};
/* End PBXSourcesBuildPhase section */

/* Begin PBXTargetDependency section */
		301BF551109A68C00062928A /* PBXTargetDependency */ = {
			isa = PBXTargetDependency;
			name = CordovaLib;
			targetProxy = 301BF550109A68C00062928A /* PBXContainerItemProxy */;
		};
/* End PBXTargetDependency section */

/* Begin XCBuildConfiguration section */
		1D6058940D05DD3E006BFB54 /* Debug */ = {
			isa = XCBuildConfiguration;
			buildSettings = {
				ALWAYS_SEARCH_USER_PATHS = NO;
				CLANG_ENABLE_OBJC_ARC = YES;
				COPY_PHASE_STRIP = NO;
				GCC_DYNAMIC_NO_PIC = NO;
				GCC_OPTIMIZATION_LEVEL = 0;
				GCC_PRECOMPILE_PREFIX_HEADER = YES;
				GCC_PREFIX_HEADER = "Test/Test-Prefix.pch";
				GCC_THUMB_SUPPORT = NO;
				GCC_VERSION = "";
				INFOPLIST_FILE = "Test/Test-Info.plist";
				IPHONEOS_DEPLOYMENT_TARGET = 6.0;
				OTHER_LDFLAGS = (
					"-weak_framework",
					CoreFoundation,
					"-weak_framework",
					UIKit,
					"-weak_framework",
					AVFoundation,
					"-weak_framework",
					CoreMedia,
					"-weak-lSystem",
					"-ObjC",
				);
				PRODUCT_NAME = "Test";
				TARGETED_DEVICE_FAMILY = "1,2";
			};
			name = Debug;
		};
		1D6058950D05DD3E006BFB54 /* Release */ = {
			isa = XCBuildConfiguration;
			buildSettings = {
				ALWAYS_SEARCH_USER_PATHS = NO;
				CLANG_ENABLE_OBJC_ARC = YES;
				COPY_PHASE_STRIP = YES;
				GCC_PRECOMPILE_PREFIX_HEADER = YES;
				GCC_PREFIX_HEADER = "Test/Test-Prefix.pch";
				GCC_THUMB_SUPPORT = NO;
				GCC_VERSION = "";
				INFOPLIST_FILE = "Test/Test-Info.plist";
				IPHONEOS_DEPLOYMENT_TARGET = 6.0;
				OTHER_LDFLAGS = (
					"-weak_framework",
					CoreFoundation,
					"-weak_framework",
					UIKit,
					"-weak_framework",
					AVFoundation,
					"-weak_framework",
					CoreMedia,
					"-weak-lSystem",
					"-ObjC",
				);
				PRODUCT_NAME = "Test";
				TARGETED_DEVICE_FAMILY = "1,2";
			};
			name = Release;
		};
		C01FCF4F08A954540054247B /* Debug */ = {
			isa = XCBuildConfiguration;
			buildSettings = {
				CLANG_ENABLE_OBJC_ARC = YES;
				CLANG_WARN_BOOL_CONVERSION = YES;
				CLANG_WARN_CONSTANT_CONVERSION = YES;
				CLANG_WARN_EMPTY_BODY = YES;
				CLANG_WARN_ENUM_CONVERSION = YES;
				CLANG_WARN_INT_CONVERSION = YES;
				CLANG_WARN__DUPLICATE_METHOD_MATCH = YES;
				"CODE_SIGN_IDENTITY[sdk=iphoneos*]" = "iPhone Developer";
				GCC_C_LANGUAGE_STANDARD = c99;
				GCC_THUMB_SUPPORT = NO;
				GCC_VERSION = "";
				GCC_WARN_ABOUT_RETURN_TYPE = YES;
				GCC_WARN_UNDECLARED_SELECTOR = YES;
				GCC_WARN_UNINITIALIZED_AUTOS = YES;
				GCC_WARN_UNUSED_FUNCTION = YES;
				GCC_WARN_UNUSED_VARIABLE = YES;
				HEADER_SEARCH_PATHS = (
					"\"$(TARGET_BUILD_DIR)/usr/local/lib/include\"",
					"\"$(OBJROOT)/UninstalledProducts/include\"",
					"\"$(BUILT_PRODUCTS_DIR)\"",
				);
				IPHONEOS_DEPLOYMENT_TARGET = 6.0;
				ONLY_ACTIVE_ARCH = YES;
				OTHER_LDFLAGS = (
					"-weak_framework",
					CoreFoundation,
					"-weak_framework",
					UIKit,
					"-weak_framework",
					AVFoundation,
					"-weak_framework",
					CoreMedia,
					"-weak-lSystem",
					"-ObjC",
				);
				SDKROOT = iphoneos;
				SKIP_INSTALL = NO;
				USER_HEADER_SEARCH_PATHS = "";
			};
			name = Debug;
		};
		C01FCF5008A954540054247B /* Release */ = {
			isa = XCBuildConfiguration;
			buildSettings = {
				CLANG_ENABLE_OBJC_ARC = YES;
				CLANG_WARN_BOOL_CONVERSION = YES;
				CLANG_WARN_CONSTANT_CONVERSION = YES;
				CLANG_WARN_EMPTY_BODY = YES;
				CLANG_WARN_ENUM_CONVERSION = YES;
				CLANG_WARN_INT_CONVERSION = YES;
				CLANG_WARN__DUPLICATE_METHOD_MATCH = YES;
				"CODE_SIGN_IDENTITY[sdk=iphoneos*]" = "iPhone Developer";
				GCC_C_LANGUAGE_STANDARD = c99;
				GCC_THUMB_SUPPORT = NO;
				GCC_VERSION = "";
				GCC_WARN_ABOUT_RETURN_TYPE = YES;
				GCC_WARN_UNDECLARED_SELECTOR = YES;
				GCC_WARN_UNINITIALIZED_AUTOS = YES;
				GCC_WARN_UNUSED_FUNCTION = YES;
				GCC_WARN_UNUSED_VARIABLE = YES;
				HEADER_SEARCH_PATHS = (
					"\"$(TARGET_BUILD_DIR)/usr/local/lib/include\"",
					"\"$(OBJROOT)/UninstalledProducts/include\"",
					"\"$(BUILT_PRODUCTS_DIR)\"",
					"\"$(OBJROOT)/UninstalledProducts/$(PLATFORM_NAME)/include\"",
				);
				IPHONEOS_DEPLOYMENT_TARGET = 6.0;
				OTHER_LDFLAGS = (
					"-weak_framework",
					CoreFoundation,
					"-weak_framework",
					UIKit,
					"-weak_framework",
					AVFoundation,
					"-weak_framework",
					CoreMedia,
					"-weak-lSystem",
					"-ObjC",
				);
				SDKROOT = iphoneos;
				SKIP_INSTALL = NO;
				USER_HEADER_SEARCH_PATHS = "";
			};
			name = Release;
		};
/* End XCBuildConfiguration section */

/* Begin XCConfigurationList section */
		1D6058960D05DD3E006BFB54 /* Build configuration list for PBXNativeTarget "Test" */ = {
			isa = XCConfigurationList;
			buildConfigurations = (
				1D6058940D05DD3E006BFB54 /* Debug */,
				1D6058950D05DD3E006BFB54 /* Release */,
			);
			defaultConfigurationIsVisible = 0;
			defaultConfigurationName = Release;
		};
		C01FCF4E08A954540054247B /* Build configuration list for PBXProject "__CLI__" */ = {
			isa = XCConfigurationList;
			buildConfigurations = (
				C01FCF4F08A954540054247B /* Debug */,
				C01FCF5008A954540054247B /* Release */,
			);
			defaultConfigurationIsVisible = 0;
			defaultConfigurationName = Release;
		};
/* End XCConfigurationList section */
	};
	rootObject = 29B97313FDCFA39411CA2CEA /* Project object */;
}
